
Microsoft Visual Studio Solution File, Format Version 12.00
# Visual Studio Version 17
VisualStudioVersion = 17.0.31903.59
MinimumVisualStudioVersion = 10.0.40219.1
Project("{FAE04EC0-301F-11D3-BF4B-00C04F79EFBC}") = "ExcelPoc.Contracts", "ExcelPoc.Contracts\ExcelPoc.Contracts.csproj", "{04DB06AD-E0F6-49ED-8ECE-BA7EF6B75C4C}"
EndProject
Project("{FAE04EC0-301F-11D3-BF4B-00C04F79EFBC}") = "ExcelPoc.Application", "ExcelPoc.Application\ExcelPoc.Application.csproj", "{E150FB20-9CFB-423C-B076-C0CAA7B8120C}"
EndProject
Project("{FAE04EC0-301F-11D3-BF4B-00C04F79EFBC}") = "ExcelPoc.Api", "ExcelPoc.Api\ExcelPoc.Api.csproj", "{DC67E441-8035-40A8-B78A-19233F1DAB40}"
EndProject
Global
	GlobalSection(SolutionConfigurationPlatforms) = preSolution
		Debug|Any CPU = Debug|Any CPU
		Debug|x64 = Debug|x64
		Debug|x86 = Debug|x86
		Release|Any CPU = Release|Any CPU
		Release|x64 = Release|x64
		Release|x86 = Release|x86
	EndGlobalSection
	GlobalSection(ProjectConfigurationPlatforms) = postSolution
		{04DB06AD-E0F6-49ED-8ECE-BA7EF6B75C4C}.Debug|Any CPU.ActiveCfg = Debug|Any CPU
		{04DB06AD-E0F6-49ED-8ECE-BA7EF6B75C4C}.Debug|Any CPU.Build.0 = Debug|Any CPU
		{04DB06AD-E0F6-49ED-8ECE-BA7EF6B75C4C}.Debug|x64.ActiveCfg = Debug|Any CPU
		{04DB06AD-E0F6-49ED-8ECE-BA7EF6B75C4C}.Debug|x64.Build.0 = Debug|Any CPU
		{04DB06AD-E0F6-49ED-8ECE-BA7EF6B75C4C}.Debug|x86.ActiveCfg = Debug|Any CPU
		{04DB06AD-E0F6-49ED-8ECE-BA7EF6B75C4C}.Debug|x86.Build.0 = Debug|Any CPU
		{04DB06AD-E0F6-49ED-8ECE-BA7EF6B75C4C}.Release|Any CPU.ActiveCfg = Release|Any CPU
		{04DB06AD-E0F6-49ED-8ECE-BA7EF6B75C4C}.Release|Any CPU.Build.0 = Release|Any CPU
		{04DB06AD-E0F6-49ED-8ECE-BA7EF6B75C4C}.Release|x64.ActiveCfg = Release|Any CPU
		{04DB06AD-E0F6-49ED-8ECE-BA7EF6B75C4C}.Release|x64.Build.0 = Release|Any CPU
		{04DB06AD-E0F6-49ED-8ECE-BA7EF6B75C4C}.Release|x86.ActiveCfg = Release|Any CPU
		{04DB06AD-E0F6-49ED-8ECE-BA7EF6B75C4C}.Release|x86.Build.0 = Release|Any CPU
		{E150FB20-9CFB-423C-B076-C0CAA7B8120C}.Debug|Any CPU.ActiveCfg = Debug|Any CPU
		{E150FB20-9CFB-423C-B076-C0CAA7B8120C}.Debug|Any CPU.Build.0 = Debug|Any CPU
		{E150FB20-9CFB-423C-B076-C0CAA7B8120C}.Debug|x64.ActiveCfg = Debug|Any CPU
		{E150FB20-9CFB-423C-B076-C0CAA7B8120C}.Debug|x64.Build.0 = Debug|Any CPU
		{E150FB20-9CFB-423C-B076-C0CAA7B8120C}.Debug|x86.ActiveCfg = Debug|Any CPU
		{E150FB20-9CFB-423C-B076-C0CAA7B8120C}.Debug|x86.Build.0 = Debug|Any CPU
		{E150FB20-9CFB-423C-B076-C0CAA7B8120C}.Release|Any CPU.ActiveCfg = Release|Any CPU
		{E150FB20-9CFB-423C-B076-C0CAA7B8120C}.Release|Any CPU.Build.0 = Release|Any CPU
		{E150FB20-9CFB-423C-B076-C0CAA7B8120C}.Release|x64.ActiveCfg = Release|Any CPU
		{E150FB20-9CFB-423C-B076-C0CAA7B8120C}.Release|x64.Build.0 = Release|Any CPU
		{E150FB20-9CFB-423C-B076-C0CAA7B8120C}.Release|x86.ActiveCfg = Release|Any CPU
		{E150FB20-9CFB-423C-B076-C0CAA7B8120C}.Release|x86.Build.0 = Release|Any CPU
		{DC67E441-8035-40A8-B78A-19233F1DAB40}.Debug|Any CPU.ActiveCfg = Debug|Any CPU
		{DC67E441-8035-40A8-B78A-19233F1DAB40}.Debug|Any CPU.Build.0 = Debug|Any CPU
		{DC67E441-8035-40A8-B78A-19233F1DAB40}.Debug|x64.ActiveCfg = Debug|Any CPU
		{DC67E441-8035-40A8-B78A-19233F1DAB40}.Debug|x64.Build.0 = Debug|Any CPU
		{DC67E441-8035-40A8-B78A-19233F1DAB40}.Debug|x86.ActiveCfg = Debug|Any CPU
		{DC67E441-8035-40A8-B78A-19233F1DAB40}.Debug|x86.Build.0 = Debug|Any CPU
		{DC67E441-8035-40A8-B78A-19233F1DAB40}.Release|Any CPU.ActiveCfg = Release|Any CPU
		{DC67E441-8035-40A8-B78A-19233F1DAB40}.Release|Any CPU.Build.0 = Release|Any CPU
		{DC67E441-8035-40A8-B78A-19233F1DAB40}.Release|x64.ActiveCfg = Release|Any CPU
		{DC67E441-8035-40A8-B78A-19233F1DAB40}.Release|x64.Build.0 = Release|Any CPU
		{DC67E441-8035-40A8-B78A-19233F1DAB40}.Release|x86.ActiveCfg = Release|Any CPU
		{DC67E441-8035-40A8-B78A-19233F1DAB40}.Release|x86.Build.0 = Release|Any CPU
	EndGlobalSection
	GlobalSection(SolutionProperties) = preSolution
		HideSolutionNode = FALSE
	EndGlobalSection
EndGlobal
